
Microsoft Visual Studio Solution File, Format Version 12.00
# Visual Studio Version 16
VisualStudioVersion = 16.0.32802.440
MinimumVisualStudioVersion = 10.0.40219.1
Project("{8BC9CEB8-8B4A-11D0-8D11-00A0C91BC942}") = "Ch2_Example_FA22", "Ch2_Example_FA22\Ch2_Example_FA22.vcxproj", "{78987003-EE6E-489B-B094-F742B26FC2DA}"
EndProject
Global
	GlobalSection(SolutionConfigurationPlatforms) = preSolution
		Debug|x64 = Debug|x64
		Debug|x86 = Debug|x86
		Release|x64 = Release|x64
		Release|x86 = Release|x86
	EndGlobalSection
	GlobalSection(ProjectConfigurationPlatforms) = postSolution
		{78987003-EE6E-489B-B094-F742B26FC2DA}.Debug|x64.ActiveCfg = Debug|x64
		{78987003-EE6E-489B-B094-F742B26FC2DA}.Debug|x64.Build.0 = Debug|x64
		{78987003-EE6E-489B-B094-F742B26FC2DA}.Debug|x86.ActiveCfg = Debug|Win32
		{78987003-EE6E-489B-B094-F742B26FC2DA}.Debug|x86.Build.0 = Debug|Win32
		{78987003-EE6E-489B-B094-F742B26FC2DA}.Release|x64.ActiveCfg = Release|x64
		{78987003-EE6E-489B-B094-F742B26FC2DA}.Release|x64.Build.0 = Release|x64
		{78987003-EE6E-489B-B094-F742B26FC2DA}.Release|x86.ActiveCfg = Release|Win32
		{78987003-EE6E-489B-B094-F742B26FC2DA}.Release|x86.Build.0 = Release|Win32
	EndGlobalSection
	GlobalSection(SolutionProperties) = preSolution
		HideSolutionNode = FALSE
	EndGlobalSection
	GlobalSection(ExtensibilityGlobals) = postSolution
		SolutionGuid = {2D3F86F1-A4FC-4051-B269-68CABF907B72}
	EndGlobalSection
EndGlobal
